
Microsoft Visual Studio Solution File, Format Version 12.00
# Visual Studio Version 17
VisualStudioVersion = 17.14.36414.22
MinimumVisualStudioVersion = 10.0.40219.1
Project("{FAE04EC0-301F-11D3-BF4B-00C04F79EFBC}") = "UI_65RD", "Proyecto_IS\UI_65RD.csproj", "{74DC312C-5C78-475E-B1B6-C1AD6490D24E}"
EndProject
Project("{FAE04EC0-301F-11D3-BF4B-00C04F79EFBC}") = "BE_16MR", "BE\BE_16MR.csproj", "{64190D17-1668-411D-ADA0-EF07AF03F817}"
EndProject
Project("{FAE04EC0-301F-11D3-BF4B-00C04F79EFBC}") = "BLL_65RD", "BLL\BLL_65RD.csproj", "{D979B86B-199C-4329-888C-786C38E94F21}"
EndProject
Project("{FAE04EC0-301F-11D3-BF4B-00C04F79EFBC}") = "DAL_65RD", "DAL\DAL_65RD.csproj", "{BC90B916-27D5-4609-BC37-20EEEC19E193}"
EndProject
Project("{2150E333-8FDC-42A3-9474-1A3956D46DE8}") = "Elementos de la solución", "Elementos de la solución", "{D107F4C8-89CC-BEA8-D3D7-CA6B7733353D}"
EndProject
Project("{2150E333-8FDC-42A3-9474-1A3956D46DE8}") = "Base de Datos", "Base de Datos", "{02EA681E-C7D8-13C7-8484-4AC65E1B71E8}"
	ProjectSection(SolutionItems) = preProject
		..\Users\Magui\Downloads\BDActualizada.sql = ..\Users\Magui\Downloads\BDActualizada.sql
	EndProjectSection
EndProject
Project("{FAE04EC0-301F-11D3-BF4B-00C04F79EFBC}") = "Servicios_65RD", "Servicios\Servicios_65RD.csproj", "{7D5E1D3F-C1E0-404D-8C41-9CCB5B5B2081}"
EndProject
Global
	GlobalSection(SolutionConfigurationPlatforms) = preSolution
		Debug|Any CPU = Debug|Any CPU
		Release|Any CPU = Release|Any CPU
	EndGlobalSection
	GlobalSection(ProjectConfigurationPlatforms) = postSolution
		{74DC312C-5C78-475E-B1B6-C1AD6490D24E}.Debug|Any CPU.ActiveCfg = Debug|Any CPU
		{74DC312C-5C78-475E-B1B6-C1AD6490D24E}.Debug|Any CPU.Build.0 = Debug|Any CPU
		{74DC312C-5C78-475E-B1B6-C1AD6490D24E}.Release|Any CPU.ActiveCfg = Release|Any CPU
		{74DC312C-5C78-475E-B1B6-C1AD6490D24E}.Release|Any CPU.Build.0 = Release|Any CPU
		{64190D17-1668-411D-ADA0-EF07AF03F817}.Debug|Any CPU.ActiveCfg = Debug|Any CPU
		{64190D17-1668-411D-ADA0-EF07AF03F817}.Debug|Any CPU.Build.0 = Debug|Any CPU
		{64190D17-1668-411D-ADA0-EF07AF03F817}.Release|Any CPU.ActiveCfg = Release|Any CPU
		{64190D17-1668-411D-ADA0-EF07AF03F817}.Release|Any CPU.Build.0 = Release|Any CPU
		{D979B86B-199C-4329-888C-786C38E94F21}.Debug|Any CPU.ActiveCfg = Debug|Any CPU
		{D979B86B-199C-4329-888C-786C38E94F21}.Debug|Any CPU.Build.0 = Debug|Any CPU
		{D979B86B-199C-4329-888C-786C38E94F21}.Release|Any CPU.ActiveCfg = Release|Any CPU
		{D979B86B-199C-4329-888C-786C38E94F21}.Release|Any CPU.Build.0 = Release|Any CPU
		{BC90B916-27D5-4609-BC37-20EEEC19E193}.Debug|Any CPU.ActiveCfg = Debug|Any CPU
		{BC90B916-27D5-4609-BC37-20EEEC19E193}.Debug|Any CPU.Build.0 = Debug|Any CPU
		{BC90B916-27D5-4609-BC37-20EEEC19E193}.Release|Any CPU.ActiveCfg = Release|Any CPU
		{BC90B916-27D5-4609-BC37-20EEEC19E193}.Release|Any CPU.Build.0 = Release|Any CPU
		{7D5E1D3F-C1E0-404D-8C41-9CCB5B5B2081}.Debug|Any CPU.ActiveCfg = Debug|Any CPU
		{7D5E1D3F-C1E0-404D-8C41-9CCB5B5B2081}.Debug|Any CPU.Build.0 = Debug|Any CPU
		{7D5E1D3F-C1E0-404D-8C41-9CCB5B5B2081}.Release|Any CPU.ActiveCfg = Release|Any CPU
		{7D5E1D3F-C1E0-404D-8C41-9CCB5B5B2081}.Release|Any CPU.Build.0 = Release|Any CPU
	EndGlobalSection
	GlobalSection(SolutionProperties) = preSolution
		HideSolutionNode = FALSE
	EndGlobalSection
	GlobalSection(ExtensibilityGlobals) = postSolution
		SolutionGuid = {F5FB7A5B-F97F-4E9D-AECA-952CBCC11B9D}
	EndGlobalSection
EndGlobal
